
Microsoft Visual Studio Solution File, Format Version 12.00
# Visual Studio Version 16
VisualStudioVersion = 16.0.32126.315
MinimumVisualStudioVersion = 10.0.40219.1
Project("{159641D6-6404-4A2A-AE62-294DE0FE8301}") = "Clientes Africa", "Clientes Africa.dtproj", "{219D3E65-1DF1-4843-8337-FBE65EB4B553}"
EndProject
Global
	GlobalSection(SolutionConfigurationPlatforms) = preSolution
		Development|Default = Development|Default
	EndGlobalSection
	GlobalSection(ProjectConfigurationPlatforms) = postSolution
		{219D3E65-1DF1-4843-8337-FBE65EB4B553}.Development|Default.ActiveCfg = Development
		{219D3E65-1DF1-4843-8337-FBE65EB4B553}.Development|Default.Build.0 = Development
	EndGlobalSection
	GlobalSection(SolutionProperties) = preSolution
		HideSolutionNode = FALSE
	EndGlobalSection
	GlobalSection(ExtensibilityGlobals) = postSolution
		SolutionGuid = {C3BDC702-8869-41E7-B812-8681CC7C0022}
	EndGlobalSection
EndGlobal
